# This file is autogenerated, do not edit; changes may be undone by the next 'dep ensure'.


[[projects]]
  digest = "1:f913db46dd2604735e5fe8f08fcf1490509a208697b7d63ac301ff5a84ece948"
  name = "github.com/gizak/termui"
  packages = [
    "v3",
    "v3/drawille",
    "v3/widgets",
  ]
  pruneopts = "UT"
  revision = "4cca61d83fa2cc0f485c478ff768b0108f6591d6"
  version = "v3.1.0"

[[projects]]
  digest = "1:07b7c16cd2c5062a00a90e48298cea91ec2dde7d3480f51e796e41dae8e5eac2"
  name = "github.com/mattn/go-runewidth"
  packages = ["."]
  pruneopts = "UT"
  revision = "df1ff59654317c1b5a3f860ffc47402931932104"
  version = "v0.0.13"

[[projects]]
  digest = "1:c27bdb2238db9ca930a1cf22c442a2036b9e8e81e6409d5470b7ad336f4e9506"
  name = "github.com/mitchellh/go-wordwrap"
  packages = ["."]
  pruneopts = "UT"
  revision = "ecf0936a077a4bd73a1cc2ac5c370f2b55618d62"
  version = "v1.0.1"

[[projects]]
  digest = "1:8ab467e2e64106450a5caa81ebda2ee7ff5f0e1f805a81d2bd8264eea2337800"
  name = "github.com/nsf/termbox-go"
  packages = ["."]
  pruneopts = "UT"
  revision = "2ff630277754813b198ae96036e28e254d2c72bf"
  version = "v1.1.1"

[[projects]]
  digest = "1:034d31b31cdbbba45de1a14367c75ce3195d7ae908514b8d6142d1525c41955b"
  name = "github.com/rivo/uniseg"
  packages = ["."]
  pruneopts = "UT"
  revision = "75711fccf6a3e85bc74c241e2dddd06a9bc9e53d"
  version = "v0.2.0"

[solve-meta]
  analyzer-name = "dep"
  analyzer-version = 1
  input-imports = [
    "github.com/gizak/termui/v3",
    "github.com/gizak/termui/v3/widgets",
  ]
  solver-name = "gps-cdcl"
  solver-version = 1
